// !$*UTF8*$!
{
	archiveVersion = 1;
	classes = {
	};
	objectVersion = 77;
	objects = {

/* Begin PBXBuildFile section */
		02E30390C2A0BBE01913E88F /* ShareLinks.swift in Sources */ = {isa = PBXBuildFile; fileRef = 77523CB04274A6B5EA4FF2BE /* ShareLinks.swift */; };
		04AA140462DFF7E1828FCE62 /* SavedView.swift in Sources */ = {isa = PBXBuildFile; fileRef = F59BC467AD0B7CE3BB66DD02 /* SavedView.swift */; };
		06D69E87A89B701659A8C787 /* Models.swift in Sources */ = {isa = PBXBuildFile; fileRef = 2E23E5D1A16E3236FC8AAB6A /* Models.swift */; };
		07402591A22528FEFB542306 /* CountryPicker.swift in Sources */ = {isa = PBXBuildFile; fileRef = 4EB4175B5C40210386F1E5E1 /* CountryPicker.swift */; };
		0B6A66D317E61B089C5BCBFF /* HostProfileView.swift in Sources */ = {isa = PBXBuildFile; fileRef = 8DC9CD43DD80B4E326D6879B /* HostProfileView.swift */; };
		0D147128BEE051F5D60C0E62 /* HostService.swift in Sources */ = {isa = PBXBuildFile; fileRef = CB52C8948744ACE9887DB2B9 /* HostService.swift */; };
		0EBCC2FF2EFB4774BA1F7246 /* ListingsView.swift in Sources */ = {isa = PBXBuildFile; fileRef = 6194B50F23543B7BD6ED9848 /* ListingsView.swift */; };
		12EA0DED2C6797AC48D1955E /* PasswordStrengthView.swift in Sources */ = {isa = PBXBuildFile; fileRef = 3E0108390AF733FB6E68867A /* PasswordStrengthView.swift */; };
		147CD92165B42D7949D71423 /* WishlistStore.swift in Sources */ = {isa = PBXBuildFile; fileRef = 3EA4843395698B645C141F0A /* WishlistStore.swift */; };
		1A4AC3FE89990424E503CBDA /* GoogleMaps in Frameworks */ = {isa = PBXBuildFile; productRef = 663C90B61599D2C1BED1135A /* GoogleMaps */; };
		1B76E12308A6EFFE1798C830 /* Theme.swift in Sources */ = {isa = PBXBuildFile; fileRef = 8817D5DCCE26F954A93F06E3 /* Theme.swift */; };
		21F9A6F3803EFB8426BA4F2C /* ReservationsView.swift in Sources */ = {isa = PBXBuildFile; fileRef = 0C67C2658D20492C9EBFE963 /* ReservationsView.swift */; };
		22D302DB560411F03AE6107C /* PhotoPlaceholder.swift in Sources */ = {isa = PBXBuildFile; fileRef = 2C5C74C359EB22F26E201790 /* PhotoPlaceholder.swift */; };
		2359379D6F2F355A5A2A55D5 /* SocialSignIn.swift in Sources */ = {isa = PBXBuildFile; fileRef = AB225E36B488F02AFD4BB298 /* SocialSignIn.swift */; };
		24A4C245604FD9AE9BF92368 /* ReviewViews.swift in Sources */ = {isa = PBXBuildFile; fileRef = 02C231F21AD23F47F571A4B0 /* ReviewViews.swift */; };
		275C0E45543A82F8B969B429 /* ForgotPasswordView.swift in Sources */ = {isa = PBXBuildFile; fileRef = 964FDA2088C992AC5F215AEA /* ForgotPasswordView.swift */; };
		288D799AD0FDF4C040A3FD24 /* AvailabilityManagerView.swift in Sources */ = {isa = PBXBuildFile; fileRef = 92F84FD7E76AA5A28B6D546A /* AvailabilityManagerView.swift */; };
		2B8CD188E8CD8143D6926BA9 /* BiometricAuth.swift in Sources */ = {isa = PBXBuildFile; fileRef = CD46225D720A1A95E7745EC1 /* BiometricAuth.swift */; };
		31051261FB8F61DA42F61795 /* HostAnalyticsView.swift in Sources */ = {isa = PBXBuildFile; fileRef = 9685AE016796DF137EF08E26 /* HostAnalyticsView.swift */; };
		354814D8E5D68EFEFF25D780 /* GrowthViews.swift in Sources */ = {isa = PBXBuildFile; fileRef = 28C85D0303F9DBD6A8B43955 /* GrowthViews.swift */; };
		3625CCC97E934F5DD1F07DC6 /* HostTabs.swift in Sources */ = {isa = PBXBuildFile; fileRef = 3919DCF5B8DE3B1E29F7C94C /* HostTabs.swift */; };
		36CD78C15BD27AA964B9504B /* ListingsMapView.swift in Sources */ = {isa = PBXBuildFile; fileRef = 2009920185CD3646C275D761 /* ListingsMapView.swift */; };
		386FD4149BBB3E15F527DD08 /* ReviewService.swift in Sources */ = {isa = PBXBuildFile; fileRef = F062E400006FB206A7F4885D /* ReviewService.swift */; };
		456848BB76A1571E669A0C0A /* HostServicesSection.swift in Sources */ = {isa = PBXBuildFile; fileRef = E65CD8F2A7131C7EA976878F /* HostServicesSection.swift */; };
		4A8016914327F2A82BF30B0A /* ReportSheet.swift in Sources */ = {isa = PBXBuildFile; fileRef = F28DD1C2C6808A647F35F3A9 /* ReportSheet.swift */; };
		4C62BB8318BC2FEA77364846 /* MoneyViews.swift in Sources */ = {isa = PBXBuildFile; fileRef = A2991D0B8DA1780C812CC70E /* MoneyViews.swift */; };
		4F472BB3085BC656F8488130 /* SignInCTAView.swift in Sources */ = {isa = PBXBuildFile; fileRef = B59C3A4CC660C1BEDB4F65CA /* SignInCTAView.swift */; };
		518EE070F79E35AADC453ECF /* ProfileView.swift in Sources */ = {isa = PBXBuildFile; fileRef = F73EA4426815D9C45C868B3B /* ProfileView.swift */; };
		5884F7D73B4E2A02C1B9C7A7 /* AIService.swift in Sources */ = {isa = PBXBuildFile; fileRef = 73E65A538C06C3E18A4EA36C /* AIService.swift */; };
		66CAD1DFE7591439F89A387F /* ListingsViewModel.swift in Sources */ = {isa = PBXBuildFile; fileRef = 38A7C9ACBD163ACDA9738216 /* ListingsViewModel.swift */; };
		6B18AF95A6234F514B3AE686 /* AuthView.swift in Sources */ = {isa = PBXBuildFile; fileRef = FCD6CED8EEA5425990B60EE8 /* AuthView.swift */; };
		6BA9B585F48EB169AD7AB94B /* DeepLinkRouter.swift in Sources */ = {isa = PBXBuildFile; fileRef = B10F92154FB10BCA232F64D2 /* DeepLinkRouter.swift */; };
		6D58DCEB089D05181BD21985 /* HostDashboardView.swift in Sources */ = {isa = PBXBuildFile; fileRef = 38389AAB5C4E32B05C3A4C56 /* HostDashboardView.swift */; };
		71D871B8212065A1A0B13993 /* ServicesView.swift in Sources */ = {isa = PBXBuildFile; fileRef = 46777BA5B7CA0FD87BDA49FF /* ServicesView.swift */; };
		72C68D5A5FBF3589DB57BA05 /* Localization.swift in Sources */ = {isa = PBXBuildFile; fileRef = 7A80DBB0DD863A9BB50E90BB /* Localization.swift */; };
		75140396ED57334A8B8B215D /* PushManager.swift in Sources */ = {isa = PBXBuildFile; fileRef = BC9FA3A19876C08BF97B6E09 /* PushManager.swift */; };
		768BC7931BC66D4497C4E35E /* BrandHeader.swift in Sources */ = {isa = PBXBuildFile; fileRef = 70A0C7B6FC44BF3B38DEDC5C /* BrandHeader.swift */; };
		76BBBFA2A5FD02F26E39CFFC /* MySubscriptionsView.swift in Sources */ = {isa = PBXBuildFile; fileRef = 7666B3950D4FF4B2CDADBCA8 /* MySubscriptionsView.swift */; };
		7D26AB15C6A3DB4E9DCB1B3F /* AISearchView.swift in Sources */ = {isa = PBXBuildFile; fileRef = 923AD8D360A87474A168C71C /* AISearchView.swift */; };
		7E7C992DA0346D68EC0FEBEA /* QuickInApp.swift in Sources */ = {isa = PBXBuildFile; fileRef = 260870CD6CEE7864B907DFDC /* QuickInApp.swift */; };
		7FA570807B8E74483CF88830 /* ListingDetailView.swift in Sources */ = {isa = PBXBuildFile; fileRef = 2B64B52903D80D34CB25CB57 /* ListingDetailView.swift */; };
		82FBEC07AF7E988AD70B0786 /* BookingService.swift in Sources */ = {isa = PBXBuildFile; fileRef = 506EE15822C05E6365572A9A /* BookingService.swift */; };
		86200F7F31131BEFB7E62A2D /* WishlistToast.swift in Sources */ = {isa = PBXBuildFile; fileRef = A4AB4677154608566164DBE5 /* WishlistToast.swift */; };
		866738BDB68A182110676971 /* WishlistService.swift in Sources */ = {isa = PBXBuildFile; fileRef = 6E2EE36C50EACE071A2953FB /* WishlistService.swift */; };
		88B1BC686ED038EDCE78880C /* Assets.xcassets in Resources */ = {isa = PBXBuildFile; fileRef = 869EC528CD5922050D913E0E /* Assets.xcassets */; };
		88FEABF3EF1A2EC9C8F4E25F /* CurrencyManager.swift in Sources */ = {isa = PBXBuildFile; fileRef = B16D2092FE03BE65262EC747 /* CurrencyManager.swift */; };
		957E7380E07B8CC3821D7BEA /* DateRangePicker.swift in Sources */ = {isa = PBXBuildFile; fileRef = 4D4EC358BF841135A80B7F9C /* DateRangePicker.swift */; };
		972B9A14617E75E6981E1577 /* PaymentSheet.swift in Sources */ = {isa = PBXBuildFile; fileRef = 42DF93A288577203F495EEF5 /* PaymentSheet.swift */; };
		99F9AB654948C770E2BD4BA7 /* Config.swift in Sources */ = {isa = PBXBuildFile; fileRef = F60CD5546CCAB282408048FA /* Config.swift */; };
		9BB6EB10340C33DA709DE0B3 /* AddServiceView.swift in Sources */ = {isa = PBXBuildFile; fileRef = 7F47E4D69BCE7B5BD61AA4CC /* AddServiceView.swift */; };
		9F9783F15C9D14CC7E640A9E /* NotificationsView.swift in Sources */ = {isa = PBXBuildFile; fileRef = 7A1DB343FBE39B4090D683BF /* NotificationsView.swift */; };
		A35EC116DC87E2117BD0E1B5 /* FirebaseMessaging in Frameworks */ = {isa = PBXBuildFile; productRef = EEA14ADD30B964E88E9ADAAF /* FirebaseMessaging */; };
		A73C074F1B75FF3423F4EE3A /* ProfileService.swift in Sources */ = {isa = PBXBuildFile; fileRef = 1DA9DEB1B3F64E19C8E6B115 /* ProfileService.swift */; };
		A7F1273D52F12AD7DD36A6AC /* AITravelChatService.swift in Sources */ = {isa = PBXBuildFile; fileRef = 235487B84E788632D3E5D0C8 /* AITravelChatService.swift */; };
		ABA952F1B033EA9E79761024 /* SupabaseService.swift in Sources */ = {isa = PBXBuildFile; fileRef = DDBA774E41AB5B4BF494B022 /* SupabaseService.swift */; };
		ABBEF04860655DEE7A15C25D /* ProfileSettingsView.swift in Sources */ = {isa = PBXBuildFile; fileRef = C1D518D49407DEBC5D7E1D38 /* ProfileSettingsView.swift */; };
		B47459BCF13C767DDBB923AD /* TrustBadgesView.swift in Sources */ = {isa = PBXBuildFile; fileRef = 4CC0D0162466B929761D78FF /* TrustBadgesView.swift */; };
		B6DA0E801D4B54FB9C0DB254 /* TrustService.swift in Sources */ = {isa = PBXBuildFile; fileRef = 045C8B1A5424C99A5573D531 /* TrustService.swift */; };
		B6E9C1D73EA3E1503C88E7A6 /* ServiceDetailView.swift in Sources */ = {isa = PBXBuildFile; fileRef = 052093126495879CEC4688D0 /* ServiceDetailView.swift */; };
		BDBC3E76FF0EF7357D39028B /* LocationPickerMap.swift in Sources */ = {isa = PBXBuildFile; fileRef = 2F8049C2B3CD018472594BB3 /* LocationPickerMap.swift */; };
		BEC3B1E8BCFDD35FB16C58F6 /* OTPVerificationView.swift in Sources */ = {isa = PBXBuildFile; fileRef = 94CED25EE45FBA5A1539A92B /* OTPVerificationView.swift */; };
		C55487BE6EEAD4C13DC67996 /* DesignKit.swift in Sources */ = {isa = PBXBuildFile; fileRef = D587744AA4C862A7D6A42180 /* DesignKit.swift */; };
		C6F654399673A11A0C716B09 /* AITravelChatView.swift in Sources */ = {isa = PBXBuildFile; fileRef = 48C781C53A1BC070ED11E58D /* AITravelChatView.swift */; };
		C77A7C8BDE913302E295DF7E /* CancellationPolicyView.swift in Sources */ = {isa = PBXBuildFile; fileRef = DE9CB11B80F0D87F6F22CA87 /* CancellationPolicyView.swift */; };
		C88A8FF61C90A899C65299B3 /* AuthService.swift in Sources */ = {isa = PBXBuildFile; fileRef = 68956C154CDD6E39CF7573F1 /* AuthService.swift */; };
		C8B1005EE65879A85C46F29C /* SplashView.swift in Sources */ = {isa = PBXBuildFile; fileRef = A907C68E4532DF9C4F9917FD /* SplashView.swift */; };
		CD5AC268E002E6587EE37408 /* IdentityVerificationCard.swift in Sources */ = {isa = PBXBuildFile; fileRef = D726EF27316C30A43919B02D /* IdentityVerificationCard.swift */; };
		CF576589D36D565A50F3541D /* SkeletonCard.swift in Sources */ = {isa = PBXBuildFile; fileRef = AD92513B165FB9A5358CE95D /* SkeletonCard.swift */; };
		D1111C050BB186813BC3FA3E /* AddListingView.swift in Sources */ = {isa = PBXBuildFile; fileRef = 6DA05FA0D1768DE4CB6E3F7D /* AddListingView.swift */; };
		D1BA4ADBF9699728C3F86252 /* BiometricEnableSheet.swift in Sources */ = {isa = PBXBuildFile; fileRef = F036E0388B90702F80C0D56A /* BiometricEnableSheet.swift */; };
		D768334B1B368CD5A7759C2A /* NotificationService.swift in Sources */ = {isa = PBXBuildFile; fileRef = A3E75D5A0FBEB80DBC5D75E0 /* NotificationService.swift */; };
		D88BF05687971D7367071E90 /* Amenities.swift in Sources */ = {isa = PBXBuildFile; fileRef = 60A0CCF74AC12A50E823919B /* Amenities.swift */; };
		D9069263C88E3E5284662497 /* ChatView.swift in Sources */ = {isa = PBXBuildFile; fileRef = DCE1D8CE6B16E466244F0371 /* ChatView.swift */; };
		E299D2E215B27D451B7C7C8D /* ServiceService.swift in Sources */ = {isa = PBXBuildFile; fileRef = 86E6F924C0C3C2D119DA208D /* ServiceService.swift */; };
		E29B72F943F69F30EA7C41EF /* ReservationDetailView.swift in Sources */ = {isa = PBXBuildFile; fileRef = F061FB35515C4DB0267C1C79 /* ReservationDetailView.swift */; };
		E30D3682DF8EF2BC9FE7136A /* LocationSearch.swift in Sources */ = {isa = PBXBuildFile; fileRef = FB97E79A8CE410E8011FA91C /* LocationSearch.swift */; };
		E6CC7F4B0850E86DAE968FAF /* logo.png in Resources */ = {isa = PBXBuildFile; fileRef = A879D0F0E245F0DB2DC92017 /* logo.png */; };
		F2DFB3F0CE2BCD765021368A /* GuestReviewViews.swift in Sources */ = {isa = PBXBuildFile; fileRef = 3FA3EF2BC72AF13D0892428C /* GuestReviewViews.swift */; };
		F48B086413F46DA519B46B72 /* NotificationPrimerView.swift in Sources */ = {isa = PBXBuildFile; fileRef = E95CD96DE36FCFFCFE7DC874 /* NotificationPrimerView.swift */; };
		F7579C6B8C9C5088AD9F5875 /* GoogleService-Info.plist in Resources */ = {isa = PBXBuildFile; fileRef = 648236D0BF8116D765032E82 /* GoogleService-Info.plist */; };
/* End PBXBuildFile section */

/* Begin PBXFileReference section */
		02C231F21AD23F47F571A4B0 /* ReviewViews.swift */ = {isa = PBXFileReference; lastKnownFileType = sourcecode.swift; path = ReviewViews.swift; sourceTree = "<group>"; };
		045C8B1A5424C99A5573D531 /* TrustService.swift */ = {isa = PBXFileReference; lastKnownFileType = sourcecode.swift; path = TrustService.swift; sourceTree = "<group>"; };
		052093126495879CEC4688D0 /* ServiceDetailView.swift */ = {isa = PBXFileReference; lastKnownFileType = sourcecode.swift; path = ServiceDetailView.swift; sourceTree = "<group>"; };
		0C67C2658D20492C9EBFE963 /* ReservationsView.swift */ = {isa = PBXFileReference; lastKnownFileType = sourcecode.swift; path = ReservationsView.swift; sourceTree = "<group>"; };
		1DA9DEB1B3F64E19C8E6B115 /* ProfileService.swift */ = {isa = PBXFileReference; lastKnownFileType = sourcecode.swift; path = ProfileService.swift; sourceTree = "<group>"; };
		2009920185CD3646C275D761 /* ListingsMapView.swift */ = {isa = PBXFileReference; lastKnownFileType = sourcecode.swift; path = ListingsMapView.swift; sourceTree = "<group>"; };
		235487B84E788632D3E5D0C8 /* AITravelChatService.swift */ = {isa = PBXFileReference; lastKnownFileType = sourcecode.swift; path = AITravelChatService.swift; sourceTree = "<group>"; };
		260870CD6CEE7864B907DFDC /* QuickInApp.swift */ = {isa = PBXFileReference; lastKnownFileType = sourcecode.swift; path = QuickInApp.swift; sourceTree = "<group>"; };
		28C85D0303F9DBD6A8B43955 /* GrowthViews.swift */ = {isa = PBXFileReference; lastKnownFileType = sourcecode.swift; path = GrowthViews.swift; sourceTree = "<group>"; };
		2B64B52903D80D34CB25CB57 /* ListingDetailView.swift */ = {isa = PBXFileReference; lastKnownFileType = sourcecode.swift; path = ListingDetailView.swift; sourceTree = "<group>"; };
		2C5C74C359EB22F26E201790 /* PhotoPlaceholder.swift */ = {isa = PBXFileReference; lastKnownFileType = sourcecode.swift; path = PhotoPlaceholder.swift; sourceTree = "<group>"; };
		2E23E5D1A16E3236FC8AAB6A /* Models.swift */ = {isa = PBXFileReference; lastKnownFileType = sourcecode.swift; path = Models.swift; sourceTree = "<group>"; };
		2F8049C2B3CD018472594BB3 /* LocationPickerMap.swift */ = {isa = PBXFileReference; lastKnownFileType = sourcecode.swift; path = LocationPickerMap.swift; sourceTree = "<group>"; };
		38389AAB5C4E32B05C3A4C56 /* HostDashboardView.swift */ = {isa = PBXFileReference; lastKnownFileType = sourcecode.swift; path = HostDashboardView.swift; sourceTree = "<group>"; };
		38A7C9ACBD163ACDA9738216 /* ListingsViewModel.swift */ = {isa = PBXFileReference; lastKnownFileType = sourcecode.swift; path = ListingsViewModel.swift; sourceTree = "<group>"; };
		3919DCF5B8DE3B1E29F7C94C /* HostTabs.swift */ = {isa = PBXFileReference; lastKnownFileType = sourcecode.swift; path = HostTabs.swift; sourceTree = "<group>"; };
		3E0108390AF733FB6E68867A /* PasswordStrengthView.swift */ = {isa = PBXFileReference; lastKnownFileType = sourcecode.swift; path = PasswordStrengthView.swift; sourceTree = "<group>"; };
		3EA4843395698B645C141F0A /* WishlistStore.swift */ = {isa = PBXFileReference; lastKnownFileType = sourcecode.swift; path = WishlistStore.swift; sourceTree = "<group>"; };
		3FA3EF2BC72AF13D0892428C /* GuestReviewViews.swift */ = {isa = PBXFileReference; lastKnownFileType = sourcecode.swift; path = GuestReviewViews.swift; sourceTree = "<group>"; };
		42DF93A288577203F495EEF5 /* PaymentSheet.swift */ = {isa = PBXFileReference; lastKnownFileType = sourcecode.swift; path = PaymentSheet.swift; sourceTree = "<group>"; };
		46777BA5B7CA0FD87BDA49FF /* ServicesView.swift */ = {isa = PBXFileReference; lastKnownFileType = sourcecode.swift; path = ServicesView.swift; sourceTree = "<group>"; };
		48C781C53A1BC070ED11E58D /* AITravelChatView.swift */ = {isa = PBXFileReference; lastKnownFileType = sourcecode.swift; path = AITravelChatView.swift; sourceTree = "<group>"; };
		4CC0D0162466B929761D78FF /* TrustBadgesView.swift */ = {isa = PBXFileReference; lastKnownFileType = sourcecode.swift; path = TrustBadgesView.swift; sourceTree = "<group>"; };
		4D4EC358BF841135A80B7F9C /* DateRangePicker.swift */ = {isa = PBXFileReference; lastKnownFileType = sourcecode.swift; path = DateRangePicker.swift; sourceTree = "<group>"; };
		4EB4175B5C40210386F1E5E1 /* CountryPicker.swift */ = {isa = PBXFileReference; lastKnownFileType = sourcecode.swift; path = CountryPicker.swift; sourceTree = "<group>"; };
		506EE15822C05E6365572A9A /* BookingService.swift */ = {isa = PBXFileReference; lastKnownFileType = sourcecode.swift; path = BookingService.swift; sourceTree = "<group>"; };
		60A0CCF74AC12A50E823919B /* Amenities.swift */ = {isa = PBXFileReference; lastKnownFileType = sourcecode.swift; path = Amenities.swift; sourceTree = "<group>"; };
		6194B50F23543B7BD6ED9848 /* ListingsView.swift */ = {isa = PBXFileReference; lastKnownFileType = sourcecode.swift; path = ListingsView.swift; sourceTree = "<group>"; };
		648236D0BF8116D765032E82 /* GoogleService-Info.plist */ = {isa = PBXFileReference; lastKnownFileType = text.plist; path = "GoogleService-Info.plist"; sourceTree = "<group>"; };
		68956C154CDD6E39CF7573F1 /* AuthService.swift */ = {isa = PBXFileReference; lastKnownFileType = sourcecode.swift; path = AuthService.swift; sourceTree = "<group>"; };
		6DA05FA0D1768DE4CB6E3F7D /* AddListingView.swift */ = {isa = PBXFileReference; lastKnownFileType = sourcecode.swift; path = AddListingView.swift; sourceTree = "<group>"; };
		6E2EE36C50EACE071A2953FB /* WishlistService.swift */ = {isa = PBXFileReference; lastKnownFileType = sourcecode.swift; path = WishlistService.swift; sourceTree = "<group>"; };
		70A0C7B6FC44BF3B38DEDC5C /* BrandHeader.swift */ = {isa = PBXFileReference; lastKnownFileType = sourcecode.swift; path = BrandHeader.swift; sourceTree = "<group>"; };
		73E65A538C06C3E18A4EA36C /* AIService.swift */ = {isa = PBXFileReference; lastKnownFileType = sourcecode.swift; path = AIService.swift; sourceTree = "<group>"; };
		7666B3950D4FF4B2CDADBCA8 /* MySubscriptionsView.swift */ = {isa = PBXFileReference; lastKnownFileType = sourcecode.swift; path = MySubscriptionsView.swift; sourceTree = "<group>"; };
		77523CB04274A6B5EA4FF2BE /* ShareLinks.swift */ = {isa = PBXFileReference; lastKnownFileType = sourcecode.swift; path = ShareLinks.swift; sourceTree = "<group>"; };
		7A1DB343FBE39B4090D683BF /* NotificationsView.swift */ = {isa = PBXFileReference; lastKnownFileType = sourcecode.swift; path = NotificationsView.swift; sourceTree = "<group>"; };
		7A80DBB0DD863A9BB50E90BB /* Localization.swift */ = {isa = PBXFileReference; lastKnownFileType = sourcecode.swift; path = Localization.swift; sourceTree = "<group>"; };
		7F47E4D69BCE7B5BD61AA4CC /* AddServiceView.swift */ = {isa = PBXFileReference; lastKnownFileType = sourcecode.swift; path = AddServiceView.swift; sourceTree = "<group>"; };
		869EC528CD5922050D913E0E /* Assets.xcassets */ = {isa = PBXFileReference; lastKnownFileType = folder.assetcatalog; path = Assets.xcassets; sourceTree = "<group>"; };
		86E6F924C0C3C2D119DA208D /* ServiceService.swift */ = {isa = PBXFileReference; lastKnownFileType = sourcecode.swift; path = ServiceService.swift; sourceTree = "<group>"; };
		8817D5DCCE26F954A93F06E3 /* Theme.swift */ = {isa = PBXFileReference; lastKnownFileType = sourcecode.swift; path = Theme.swift; sourceTree = "<group>"; };
		8DC9CD43DD80B4E326D6879B /* HostProfileView.swift */ = {isa = PBXFileReference; lastKnownFileType = sourcecode.swift; path = HostProfileView.swift; sourceTree = "<group>"; };
		923AD8D360A87474A168C71C /* AISearchView.swift */ = {isa = PBXFileReference; lastKnownFileType = sourcecode.swift; path = AISearchView.swift; sourceTree = "<group>"; };
		92F84FD7E76AA5A28B6D546A /* AvailabilityManagerView.swift */ = {isa = PBXFileReference; lastKnownFileType = sourcecode.swift; path = AvailabilityManagerView.swift; sourceTree = "<group>"; };
		94CED25EE45FBA5A1539A92B /* OTPVerificationView.swift */ = {isa = PBXFileReference; lastKnownFileType = sourcecode.swift; path = OTPVerificationView.swift; sourceTree = "<group>"; };
		964FDA2088C992AC5F215AEA /* ForgotPasswordView.swift */ = {isa = PBXFileReference; lastKnownFileType = sourcecode.swift; path = ForgotPasswordView.swift; sourceTree = "<group>"; };
		9685AE016796DF137EF08E26 /* HostAnalyticsView.swift */ = {isa = PBXFileReference; lastKnownFileType = sourcecode.swift; path = HostAnalyticsView.swift; sourceTree = "<group>"; };
		A2991D0B8DA1780C812CC70E /* MoneyViews.swift */ = {isa = PBXFileReference; lastKnownFileType = sourcecode.swift; path = MoneyViews.swift; sourceTree = "<group>"; };
		A3E75D5A0FBEB80DBC5D75E0 /* NotificationService.swift */ = {isa = PBXFileReference; lastKnownFileType = sourcecode.swift; path = NotificationService.swift; sourceTree = "<group>"; };
		A4AB4677154608566164DBE5 /* WishlistToast.swift */ = {isa = PBXFileReference; lastKnownFileType = sourcecode.swift; path = WishlistToast.swift; sourceTree = "<group>"; };
		A879D0F0E245F0DB2DC92017 /* logo.png */ = {isa = PBXFileReference; lastKnownFileType = image.png; path = logo.png; sourceTree = "<group>"; };
		A907C68E4532DF9C4F9917FD /* SplashView.swift */ = {isa = PBXFileReference; lastKnownFileType = sourcecode.swift; path = SplashView.swift; sourceTree = "<group>"; };
		AB225E36B488F02AFD4BB298 /* SocialSignIn.swift */ = {isa = PBXFileReference; lastKnownFileType = sourcecode.swift; path = SocialSignIn.swift; sourceTree = "<group>"; };
		AD92513B165FB9A5358CE95D /* SkeletonCard.swift */ = {isa = PBXFileReference; lastKnownFileType = sourcecode.swift; path = SkeletonCard.swift; sourceTree = "<group>"; };
		B10F92154FB10BCA232F64D2 /* DeepLinkRouter.swift */ = {isa = PBXFileReference; lastKnownFileType = sourcecode.swift; path = DeepLinkRouter.swift; sourceTree = "<group>"; };
		B16D2092FE03BE65262EC747 /* CurrencyManager.swift */ = {isa = PBXFileReference; lastKnownFileType = sourcecode.swift; path = CurrencyManager.swift; sourceTree = "<group>"; };
		B59C3A4CC660C1BEDB4F65CA /* SignInCTAView.swift */ = {isa = PBXFileReference; lastKnownFileType = sourcecode.swift; path = SignInCTAView.swift; sourceTree = "<group>"; };
		BC9FA3A19876C08BF97B6E09 /* PushManager.swift */ = {isa = PBXFileReference; lastKnownFileType = sourcecode.swift; path = PushManager.swift; sourceTree = "<group>"; };
		C1D518D49407DEBC5D7E1D38 /* ProfileSettingsView.swift */ = {isa = PBXFileReference; lastKnownFileType = sourcecode.swift; path = ProfileSettingsView.swift; sourceTree = "<group>"; };
		CB52C8948744ACE9887DB2B9 /* HostService.swift */ = {isa = PBXFileReference; lastKnownFileType = sourcecode.swift; path = HostService.swift; sourceTree = "<group>"; };
		CD46225D720A1A95E7745EC1 /* BiometricAuth.swift */ = {isa = PBXFileReference; lastKnownFileType = sourcecode.swift; path = BiometricAuth.swift; sourceTree = "<group>"; };
		D587744AA4C862A7D6A42180 /* DesignKit.swift */ = {isa = PBXFileReference; lastKnownFileType = sourcecode.swift; path = DesignKit.swift; sourceTree = "<group>"; };
		D726EF27316C30A43919B02D /* IdentityVerificationCard.swift */ = {isa = PBXFileReference; lastKnownFileType = sourcecode.swift; path = IdentityVerificationCard.swift; sourceTree = "<group>"; };
		DCE1D8CE6B16E466244F0371 /* ChatView.swift */ = {isa = PBXFileReference; lastKnownFileType = sourcecode.swift; path = ChatView.swift; sourceTree = "<group>"; };
		DDBA774E41AB5B4BF494B022 /* SupabaseService.swift */ = {isa = PBXFileReference; lastKnownFileType = sourcecode.swift; path = SupabaseService.swift; sourceTree = "<group>"; };
		DE9CB11B80F0D87F6F22CA87 /* CancellationPolicyView.swift */ = {isa = PBXFileReference; lastKnownFileType = sourcecode.swift; path = CancellationPolicyView.swift; sourceTree = "<group>"; };
		E35878300BA49A232F3E7B1B /* QuickIn.app */ = {isa = PBXFileReference; includeInIndex = 0; lastKnownFileType = wrapper.application; path = QuickIn.app; sourceTree = BUILT_PRODUCTS_DIR; };
		E65CD8F2A7131C7EA976878F /* HostServicesSection.swift */ = {isa = PBXFileReference; lastKnownFileType = sourcecode.swift; path = HostServicesSection.swift; sourceTree = "<group>"; };
		E95CD96DE36FCFFCFE7DC874 /* NotificationPrimerView.swift */ = {isa = PBXFileReference; lastKnownFileType = sourcecode.swift; path = NotificationPrimerView.swift; sourceTree = "<group>"; };
		F036E0388B90702F80C0D56A /* BiometricEnableSheet.swift */ = {isa = PBXFileReference; lastKnownFileType = sourcecode.swift; path = BiometricEnableSheet.swift; sourceTree = "<group>"; };
		F061FB35515C4DB0267C1C79 /* ReservationDetailView.swift */ = {isa = PBXFileReference; lastKnownFileType = sourcecode.swift; path = ReservationDetailView.swift; sourceTree = "<group>"; };
		F062E400006FB206A7F4885D /* ReviewService.swift */ = {isa = PBXFileReference; lastKnownFileType = sourcecode.swift; path = ReviewService.swift; sourceTree = "<group>"; };
		F28DD1C2C6808A647F35F3A9 /* ReportSheet.swift */ = {isa = PBXFileReference; lastKnownFileType = sourcecode.swift; path = ReportSheet.swift; sourceTree = "<group>"; };
		F59BC467AD0B7CE3BB66DD02 /* SavedView.swift */ = {isa = PBXFileReference; lastKnownFileType = sourcecode.swift; path = SavedView.swift; sourceTree = "<group>"; };
		F60CD5546CCAB282408048FA /* Config.swift */ = {isa = PBXFileReference; lastKnownFileType = sourcecode.swift; path = Config.swift; sourceTree = "<group>"; };
		F73EA4426815D9C45C868B3B /* ProfileView.swift */ = {isa = PBXFileReference; lastKnownFileType = sourcecode.swift; path = ProfileView.swift; sourceTree = "<group>"; };
		FB97E79A8CE410E8011FA91C /* LocationSearch.swift */ = {isa = PBXFileReference; lastKnownFileType = sourcecode.swift; path = LocationSearch.swift; sourceTree = "<group>"; };
		FCD6CED8EEA5425990B60EE8 /* AuthView.swift */ = {isa = PBXFileReference; lastKnownFileType = sourcecode.swift; path = AuthView.swift; sourceTree = "<group>"; };
/* End PBXFileReference section */

/* Begin PBXFrameworksBuildPhase section */
		3F40A6D8F5802C53BF404F42 /* Frameworks */ = {
			isa = PBXFrameworksBuildPhase;
			buildActionMask = 2147483647;
			files = (
				1A4AC3FE89990424E503CBDA /* GoogleMaps in Frameworks */,
				A35EC116DC87E2117BD0E1B5 /* FirebaseMessaging in Frameworks */,
			);
			runOnlyForDeploymentPostprocessing = 0;
		};
/* End PBXFrameworksBuildPhase section */

/* Begin PBXGroup section */
		1F42CC42CBD586127E064108 /* Sources */ = {
			isa = PBXGroup;
			children = (
				6DA05FA0D1768DE4CB6E3F7D /* AddListingView.swift */,
				7F47E4D69BCE7B5BD61AA4CC /* AddServiceView.swift */,
				923AD8D360A87474A168C71C /* AISearchView.swift */,
				73E65A538C06C3E18A4EA36C /* AIService.swift */,
				235487B84E788632D3E5D0C8 /* AITravelChatService.swift */,
				48C781C53A1BC070ED11E58D /* AITravelChatView.swift */,
				60A0CCF74AC12A50E823919B /* Amenities.swift */,
				869EC528CD5922050D913E0E /* Assets.xcassets */,
				68956C154CDD6E39CF7573F1 /* AuthService.swift */,
				FCD6CED8EEA5425990B60EE8 /* AuthView.swift */,
				92F84FD7E76AA5A28B6D546A /* AvailabilityManagerView.swift */,
				CD46225D720A1A95E7745EC1 /* BiometricAuth.swift */,
				F036E0388B90702F80C0D56A /* BiometricEnableSheet.swift */,
				506EE15822C05E6365572A9A /* BookingService.swift */,
				70A0C7B6FC44BF3B38DEDC5C /* BrandHeader.swift */,
				DE9CB11B80F0D87F6F22CA87 /* CancellationPolicyView.swift */,
				DCE1D8CE6B16E466244F0371 /* ChatView.swift */,
				F60CD5546CCAB282408048FA /* Config.swift */,
				4EB4175B5C40210386F1E5E1 /* CountryPicker.swift */,
				B16D2092FE03BE65262EC747 /* CurrencyManager.swift */,
				4D4EC358BF841135A80B7F9C /* DateRangePicker.swift */,
				B10F92154FB10BCA232F64D2 /* DeepLinkRouter.swift */,
				D587744AA4C862A7D6A42180 /* DesignKit.swift */,
				964FDA2088C992AC5F215AEA /* ForgotPasswordView.swift */,
				28C85D0303F9DBD6A8B43955 /* GrowthViews.swift */,
				3FA3EF2BC72AF13D0892428C /* GuestReviewViews.swift */,
				9685AE016796DF137EF08E26 /* HostAnalyticsView.swift */,
				38389AAB5C4E32B05C3A4C56 /* HostDashboardView.swift */,
				8DC9CD43DD80B4E326D6879B /* HostProfileView.swift */,
				CB52C8948744ACE9887DB2B9 /* HostService.swift */,
				E65CD8F2A7131C7EA976878F /* HostServicesSection.swift */,
				3919DCF5B8DE3B1E29F7C94C /* HostTabs.swift */,
				D726EF27316C30A43919B02D /* IdentityVerificationCard.swift */,
				2B64B52903D80D34CB25CB57 /* ListingDetailView.swift */,
				2009920185CD3646C275D761 /* ListingsMapView.swift */,
				6194B50F23543B7BD6ED9848 /* ListingsView.swift */,
				38A7C9ACBD163ACDA9738216 /* ListingsViewModel.swift */,
				7A80DBB0DD863A9BB50E90BB /* Localization.swift */,
				2F8049C2B3CD018472594BB3 /* LocationPickerMap.swift */,
				FB97E79A8CE410E8011FA91C /* LocationSearch.swift */,
				A879D0F0E245F0DB2DC92017 /* logo.png */,
				2E23E5D1A16E3236FC8AAB6A /* Models.swift */,
				A2991D0B8DA1780C812CC70E /* MoneyViews.swift */,
				7666B3950D4FF4B2CDADBCA8 /* MySubscriptionsView.swift */,
				E95CD96DE36FCFFCFE7DC874 /* NotificationPrimerView.swift */,
				A3E75D5A0FBEB80DBC5D75E0 /* NotificationService.swift */,
				7A1DB343FBE39B4090D683BF /* NotificationsView.swift */,
				94CED25EE45FBA5A1539A92B /* OTPVerificationView.swift */,
				3E0108390AF733FB6E68867A /* PasswordStrengthView.swift */,
				42DF93A288577203F495EEF5 /* PaymentSheet.swift */,
				2C5C74C359EB22F26E201790 /* PhotoPlaceholder.swift */,
				1DA9DEB1B3F64E19C8E6B115 /* ProfileService.swift */,
				C1D518D49407DEBC5D7E1D38 /* ProfileSettingsView.swift */,
				F73EA4426815D9C45C868B3B /* ProfileView.swift */,
				BC9FA3A19876C08BF97B6E09 /* PushManager.swift */,
				260870CD6CEE7864B907DFDC /* QuickInApp.swift */,
				F28DD1C2C6808A647F35F3A9 /* ReportSheet.swift */,
				F061FB35515C4DB0267C1C79 /* ReservationDetailView.swift */,
				0C67C2658D20492C9EBFE963 /* ReservationsView.swift */,
				F062E400006FB206A7F4885D /* ReviewService.swift */,
				02C231F21AD23F47F571A4B0 /* ReviewViews.swift */,
				F59BC467AD0B7CE3BB66DD02 /* SavedView.swift */,
				052093126495879CEC4688D0 /* ServiceDetailView.swift */,
				86E6F924C0C3C2D119DA208D /* ServiceService.swift */,
				46777BA5B7CA0FD87BDA49FF /* ServicesView.swift */,
				77523CB04274A6B5EA4FF2BE /* ShareLinks.swift */,
				B59C3A4CC660C1BEDB4F65CA /* SignInCTAView.swift */,
				AD92513B165FB9A5358CE95D /* SkeletonCard.swift */,
				AB225E36B488F02AFD4BB298 /* SocialSignIn.swift */,
				A907C68E4532DF9C4F9917FD /* SplashView.swift */,
				DDBA774E41AB5B4BF494B022 /* SupabaseService.swift */,
				8817D5DCCE26F954A93F06E3 /* Theme.swift */,
				4CC0D0162466B929761D78FF /* TrustBadgesView.swift */,
				045C8B1A5424C99A5573D531 /* TrustService.swift */,
				6E2EE36C50EACE071A2953FB /* WishlistService.swift */,
				3EA4843395698B645C141F0A /* WishlistStore.swift */,
				A4AB4677154608566164DBE5 /* WishlistToast.swift */,
			);
			path = Sources;
			sourceTree = "<group>";
		};
		4EA6CAAD00A9C330B6552B7F = {
			isa = PBXGroup;
			children = (
				648236D0BF8116D765032E82 /* GoogleService-Info.plist */,
				1F42CC42CBD586127E064108 /* Sources */,
				B782506DE7DE5CF8E152FF7C /* Products */,
			);
			sourceTree = "<group>";
		};
		B782506DE7DE5CF8E152FF7C /* Products */ = {
			isa = PBXGroup;
			children = (
				E35878300BA49A232F3E7B1B /* QuickIn.app */,
			);
			name = Products;
			sourceTree = "<group>";
		};
/* End PBXGroup section */

/* Begin PBXNativeTarget section */
		DC02E54AF286367F814901FD /* QuickIn */ = {
			isa = PBXNativeTarget;
			buildConfigurationList = 1FDB4DA4A782FBC6E05B0086 /* Build configuration list for PBXNativeTarget "QuickIn" */;
			buildPhases = (
				F7D126754E5508C597575A12 /* Sources */,
				A4FE47D140294DBBE2D83C1B /* Resources */,
				3F40A6D8F5802C53BF404F42 /* Frameworks */,
			);
			buildRules = (
			);
			dependencies = (
			);
			name = QuickIn;
			packageProductDependencies = (
				663C90B61599D2C1BED1135A /* GoogleMaps */,
				EEA14ADD30B964E88E9ADAAF /* FirebaseMessaging */,
			);
			productName = QuickIn;
			productReference = E35878300BA49A232F3E7B1B /* QuickIn.app */;
			productType = "com.apple.product-type.application";
		};
/* End PBXNativeTarget section */

/* Begin PBXProject section */
		C50879226F8824A8936EEF77 /* Project object */ = {
			isa = PBXProject;
			attributes = {
				BuildIndependentTargetsInParallel = YES;
				LastUpgradeCheck = 1430;
				TargetAttributes = {
					DC02E54AF286367F814901FD = {
						ProvisioningStyle = Automatic;
					};
				};
			};
			buildConfigurationList = 8F61FFA82D800D1AFD5848A0 /* Build configuration list for PBXProject "QuickIn" */;
			developmentRegion = en;
			hasScannedForEncodings = 0;
			knownRegions = (
				Base,
				en,
			);
			mainGroup = 4EA6CAAD00A9C330B6552B7F;
			minimizedProjectReferenceProxies = 1;
			packageReferences = (
				98E6122CA11184BC1647F396 /* XCRemoteSwiftPackageReference "firebase-ios-sdk" */,
				EE7DEE3935AF4D0ECC2F7214 /* XCRemoteSwiftPackageReference "ios-maps-sdk" */,
			);
			preferredProjectObjectVersion = 77;
			productRefGroup = B782506DE7DE5CF8E152FF7C /* Products */;
			projectDirPath = "";
			projectRoot = "";
			targets = (
				DC02E54AF286367F814901FD /* QuickIn */,
			);
		};
/* End PBXProject section */

/* Begin PBXResourcesBuildPhase section */
		A4FE47D140294DBBE2D83C1B /* Resources */ = {
			isa = PBXResourcesBuildPhase;
			buildActionMask = 2147483647;
			files = (
				88B1BC686ED038EDCE78880C /* Assets.xcassets in Resources */,
				F7579C6B8C9C5088AD9F5875 /* GoogleService-Info.plist in Resources */,
				E6CC7F4B0850E86DAE968FAF /* logo.png in Resources */,
			);
			runOnlyForDeploymentPostprocessing = 0;
		};
/* End PBXResourcesBuildPhase section */

/* Begin PBXSourcesBuildPhase section */
		F7D126754E5508C597575A12 /* Sources */ = {
			isa = PBXSourcesBuildPhase;
			buildActionMask = 2147483647;
			files = (
				7D26AB15C6A3DB4E9DCB1B3F /* AISearchView.swift in Sources */,
				5884F7D73B4E2A02C1B9C7A7 /* AIService.swift in Sources */,
				A7F1273D52F12AD7DD36A6AC /* AITravelChatService.swift in Sources */,
				C6F654399673A11A0C716B09 /* AITravelChatView.swift in Sources */,
				D1111C050BB186813BC3FA3E /* AddListingView.swift in Sources */,
				9BB6EB10340C33DA709DE0B3 /* AddServiceView.swift in Sources */,
				D88BF05687971D7367071E90 /* Amenities.swift in Sources */,
				C88A8FF61C90A899C65299B3 /* AuthService.swift in Sources */,
				6B18AF95A6234F514B3AE686 /* AuthView.swift in Sources */,
				288D799AD0FDF4C040A3FD24 /* AvailabilityManagerView.swift in Sources */,
				2B8CD188E8CD8143D6926BA9 /* BiometricAuth.swift in Sources */,
				D1BA4ADBF9699728C3F86252 /* BiometricEnableSheet.swift in Sources */,
				82FBEC07AF7E988AD70B0786 /* BookingService.swift in Sources */,
				768BC7931BC66D4497C4E35E /* BrandHeader.swift in Sources */,
				C77A7C8BDE913302E295DF7E /* CancellationPolicyView.swift in Sources */,
				D9069263C88E3E5284662497 /* ChatView.swift in Sources */,
				99F9AB654948C770E2BD4BA7 /* Config.swift in Sources */,
				07402591A22528FEFB542306 /* CountryPicker.swift in Sources */,
				88FEABF3EF1A2EC9C8F4E25F /* CurrencyManager.swift in Sources */,
				957E7380E07B8CC3821D7BEA /* DateRangePicker.swift in Sources */,
				6BA9B585F48EB169AD7AB94B /* DeepLinkRouter.swift in Sources */,
				C55487BE6EEAD4C13DC67996 /* DesignKit.swift in Sources */,
				275C0E45543A82F8B969B429 /* ForgotPasswordView.swift in Sources */,
				354814D8E5D68EFEFF25D780 /* GrowthViews.swift in Sources */,
				F2DFB3F0CE2BCD765021368A /* GuestReviewViews.swift in Sources */,
				31051261FB8F61DA42F61795 /* HostAnalyticsView.swift in Sources */,
				6D58DCEB089D05181BD21985 /* HostDashboardView.swift in Sources */,
				0B6A66D317E61B089C5BCBFF /* HostProfileView.swift in Sources */,
				0D147128BEE051F5D60C0E62 /* HostService.swift in Sources */,
				456848BB76A1571E669A0C0A /* HostServicesSection.swift in Sources */,
				3625CCC97E934F5DD1F07DC6 /* HostTabs.swift in Sources */,
				CD5AC268E002E6587EE37408 /* IdentityVerificationCard.swift in Sources */,
				7FA570807B8E74483CF88830 /* ListingDetailView.swift in Sources */,
				36CD78C15BD27AA964B9504B /* ListingsMapView.swift in Sources */,
				0EBCC2FF2EFB4774BA1F7246 /* ListingsView.swift in Sources */,
				66CAD1DFE7591439F89A387F /* ListingsViewModel.swift in Sources */,
				72C68D5A5FBF3589DB57BA05 /* Localization.swift in Sources */,
				BDBC3E76FF0EF7357D39028B /* LocationPickerMap.swift in Sources */,
				E30D3682DF8EF2BC9FE7136A /* LocationSearch.swift in Sources */,
				06D69E87A89B701659A8C787 /* Models.swift in Sources */,
				4C62BB8318BC2FEA77364846 /* MoneyViews.swift in Sources */,
				76BBBFA2A5FD02F26E39CFFC /* MySubscriptionsView.swift in Sources */,
				F48B086413F46DA519B46B72 /* NotificationPrimerView.swift in Sources */,
				D768334B1B368CD5A7759C2A /* NotificationService.swift in Sources */,
				9F9783F15C9D14CC7E640A9E /* NotificationsView.swift in Sources */,
				BEC3B1E8BCFDD35FB16C58F6 /* OTPVerificationView.swift in Sources */,
				12EA0DED2C6797AC48D1955E /* PasswordStrengthView.swift in Sources */,
				972B9A14617E75E6981E1577 /* PaymentSheet.swift in Sources */,
				22D302DB560411F03AE6107C /* PhotoPlaceholder.swift in Sources */,
				A73C074F1B75FF3423F4EE3A /* ProfileService.swift in Sources */,
				ABBEF04860655DEE7A15C25D /* ProfileSettingsView.swift in Sources */,
				518EE070F79E35AADC453ECF /* ProfileView.swift in Sources */,
				75140396ED57334A8B8B215D /* PushManager.swift in Sources */,
				7E7C992DA0346D68EC0FEBEA /* QuickInApp.swift in Sources */,
				4A8016914327F2A82BF30B0A /* ReportSheet.swift in Sources */,
				E29B72F943F69F30EA7C41EF /* ReservationDetailView.swift in Sources */,
				21F9A6F3803EFB8426BA4F2C /* ReservationsView.swift in Sources */,
				386FD4149BBB3E15F527DD08 /* ReviewService.swift in Sources */,
				24A4C245604FD9AE9BF92368 /* ReviewViews.swift in Sources */,
				04AA140462DFF7E1828FCE62 /* SavedView.swift in Sources */,
				B6E9C1D73EA3E1503C88E7A6 /* ServiceDetailView.swift in Sources */,
				E299D2E215B27D451B7C7C8D /* ServiceService.swift in Sources */,
				71D871B8212065A1A0B13993 /* ServicesView.swift in Sources */,
				02E30390C2A0BBE01913E88F /* ShareLinks.swift in Sources */,
				4F472BB3085BC656F8488130 /* SignInCTAView.swift in Sources */,
				CF576589D36D565A50F3541D /* SkeletonCard.swift in Sources */,
				2359379D6F2F355A5A2A55D5 /* SocialSignIn.swift in Sources */,
				C8B1005EE65879A85C46F29C /* SplashView.swift in Sources */,
				ABA952F1B033EA9E79761024 /* SupabaseService.swift in Sources */,
				1B76E12308A6EFFE1798C830 /* Theme.swift in Sources */,
				B47459BCF13C767DDBB923AD /* TrustBadgesView.swift in Sources */,
				B6DA0E801D4B54FB9C0DB254 /* TrustService.swift in Sources */,
				866738BDB68A182110676971 /* WishlistService.swift in Sources */,
				147CD92165B42D7949D71423 /* WishlistStore.swift in Sources */,
				86200F7F31131BEFB7E62A2D /* WishlistToast.swift in Sources */,
			);
			runOnlyForDeploymentPostprocessing = 0;
		};
/* End PBXSourcesBuildPhase section */

/* Begin XCBuildConfiguration section */
		64D4798376022C130AFC1EB6 /* Debug */ = {
			isa = XCBuildConfiguration;
			buildSettings = {
				ALWAYS_SEARCH_USER_PATHS = NO;
				CLANG_ANALYZER_NONNULL = YES;
				CLANG_ANALYZER_NUMBER_OBJECT_CONVERSION = YES_AGGRESSIVE;
				CLANG_CXX_LANGUAGE_STANDARD = "gnu++14";
				CLANG_CXX_LIBRARY = "libc++";
				CLANG_ENABLE_MODULES = YES;
				CLANG_ENABLE_OBJC_ARC = YES;
				CLANG_ENABLE_OBJC_WEAK = YES;
				CLANG_WARN_BLOCK_CAPTURE_AUTORELEASING = YES;
				CLANG_WARN_BOOL_CONVERSION = YES;
				CLANG_WARN_COMMA = YES;
				CLANG_WARN_CONSTANT_CONVERSION = YES;
				CLANG_WARN_DEPRECATED_OBJC_IMPLEMENTATIONS = YES;
				CLANG_WARN_DIRECT_OBJC_ISA_USAGE = YES_ERROR;
				CLANG_WARN_DOCUMENTATION_COMMENTS = YES;
				CLANG_WARN_EMPTY_BODY = YES;
				CLANG_WARN_ENUM_CONVERSION = YES;
				CLANG_WARN_INFINITE_RECURSION = YES;
				CLANG_WARN_INT_CONVERSION = YES;
				CLANG_WARN_NON_LITERAL_NULL_CONVERSION = YES;
				CLANG_WARN_OBJC_IMPLICIT_RETAIN_SELF = YES;
				CLANG_WARN_OBJC_LITERAL_CONVERSION = YES;
				CLANG_WARN_OBJC_ROOT_CLASS = YES_ERROR;
				CLANG_WARN_QUOTED_INCLUDE_IN_FRAMEWORK_HEADER = YES;
				CLANG_WARN_RANGE_LOOP_ANALYSIS = YES;
				CLANG_WARN_STRICT_PROTOTYPES = YES;
				CLANG_WARN_SUSPICIOUS_MOVE = YES;
				CLANG_WARN_UNGUARDED_AVAILABILITY = YES_AGGRESSIVE;
				CLANG_WARN_UNREACHABLE_CODE = YES;
				CLANG_WARN__DUPLICATE_METHOD_MATCH = YES;
				COPY_PHASE_STRIP = NO;
				DEBUG_INFORMATION_FORMAT = dwarf;
				ENABLE_STRICT_OBJC_MSGSEND = YES;
				ENABLE_TESTABILITY = YES;
				GCC_C_LANGUAGE_STANDARD = gnu11;
				GCC_DYNAMIC_NO_PIC = NO;
				GCC_NO_COMMON_BLOCKS = YES;
				GCC_OPTIMIZATION_LEVEL = 0;
				GCC_PREPROCESSOR_DEFINITIONS = (
					"$(inherited)",
					"DEBUG=1",
				);
				GCC_WARN_64_TO_32_BIT_CONVERSION = YES;
				GCC_WARN_ABOUT_RETURN_TYPE = YES_ERROR;
				GCC_WARN_UNDECLARED_SELECTOR = YES;
				GCC_WARN_UNINITIALIZED_AUTOS = YES_AGGRESSIVE;
				GCC_WARN_UNUSED_FUNCTION = YES;
				GCC_WARN_UNUSED_VARIABLE = YES;
				IPHONEOS_DEPLOYMENT_TARGET = 17.0;
				MTL_ENABLE_DEBUG_INFO = INCLUDE_SOURCE;
				MTL_FAST_MATH = YES;
				ONLY_ACTIVE_ARCH = YES;
				PRODUCT_NAME = "$(TARGET_NAME)";
				SDKROOT = iphoneos;
				SWIFT_ACTIVE_COMPILATION_CONDITIONS = DEBUG;
				SWIFT_OPTIMIZATION_LEVEL = "-Onone";
				SWIFT_VERSION = 5.0;
			};
			name = Debug;
		};
		65B8C2883DCEEB0ECE82E73F /* Debug */ = {
			isa = XCBuildConfiguration;
			buildSettings = {
				ASSETCATALOG_COMPILER_APPICON_NAME = AppIcon;
				CODE_SIGN_ENTITLEMENTS = QuickIn.entitlements;
				CODE_SIGN_IDENTITY = "iPhone Developer";
				CODE_SIGN_STYLE = Automatic;
				CURRENT_PROJECT_VERSION = 4;
				INFOPLIST_FILE = Generated/Info.plist;
				LD_RUNPATH_SEARCH_PATHS = (
					"$(inherited)",
					"@executable_path/Frameworks",
				);
				MARKETING_VERSION = 1.0.0;
				PRODUCT_BUNDLE_IDENTIFIER = com.quickin.ahmed;
				SDKROOT = iphoneos;
				SWIFT_VERSION = 5.0;
				TARGETED_DEVICE_FAMILY = 1;
			};
			name = Debug;
		};
		6A34D08A2F6219255E6ED782 /* Release */ = {
			isa = XCBuildConfiguration;
			buildSettings = {
				ALWAYS_SEARCH_USER_PATHS = NO;
				CLANG_ANALYZER_NONNULL = YES;
				CLANG_ANALYZER_NUMBER_OBJECT_CONVERSION = YES_AGGRESSIVE;
				CLANG_CXX_LANGUAGE_STANDARD = "gnu++14";
				CLANG_CXX_LIBRARY = "libc++";
				CLANG_ENABLE_MODULES = YES;
				CLANG_ENABLE_OBJC_ARC = YES;
				CLANG_ENABLE_OBJC_WEAK = YES;
				CLANG_WARN_BLOCK_CAPTURE_AUTORELEASING = YES;
				CLANG_WARN_BOOL_CONVERSION = YES;
				CLANG_WARN_COMMA = YES;
				CLANG_WARN_CONSTANT_CONVERSION = YES;
				CLANG_WARN_DEPRECATED_OBJC_IMPLEMENTATIONS = YES;
				CLANG_WARN_DIRECT_OBJC_ISA_USAGE = YES_ERROR;
				CLANG_WARN_DOCUMENTATION_COMMENTS = YES;
				CLANG_WARN_EMPTY_BODY = YES;
				CLANG_WARN_ENUM_CONVERSION = YES;
				CLANG_WARN_INFINITE_RECURSION = YES;
				CLANG_WARN_INT_CONVERSION = YES;
				CLANG_WARN_NON_LITERAL_NULL_CONVERSION = YES;
				CLANG_WARN_OBJC_IMPLICIT_RETAIN_SELF = YES;
				CLANG_WARN_OBJC_LITERAL_CONVERSION = YES;
				CLANG_WARN_OBJC_ROOT_CLASS = YES_ERROR;
				CLANG_WARN_QUOTED_INCLUDE_IN_FRAMEWORK_HEADER = YES;
				CLANG_WARN_RANGE_LOOP_ANALYSIS = YES;
				CLANG_WARN_STRICT_PROTOTYPES = YES;
				CLANG_WARN_SUSPICIOUS_MOVE = YES;
				CLANG_WARN_UNGUARDED_AVAILABILITY = YES_AGGRESSIVE;
				CLANG_WARN_UNREACHABLE_CODE = YES;
				CLANG_WARN__DUPLICATE_METHOD_MATCH = YES;
				COPY_PHASE_STRIP = NO;
				DEBUG_INFORMATION_FORMAT = "dwarf-with-dsym";
				ENABLE_NS_ASSERTIONS = NO;
				ENABLE_STRICT_OBJC_MSGSEND = YES;
				GCC_C_LANGUAGE_STANDARD = gnu11;
				GCC_NO_COMMON_BLOCKS = YES;
				GCC_WARN_64_TO_32_BIT_CONVERSION = YES;
				GCC_WARN_ABOUT_RETURN_TYPE = YES_ERROR;
				GCC_WARN_UNDECLARED_SELECTOR = YES;
				GCC_WARN_UNINITIALIZED_AUTOS = YES_AGGRESSIVE;
				GCC_WARN_UNUSED_FUNCTION = YES;
				GCC_WARN_UNUSED_VARIABLE = YES;
				IPHONEOS_DEPLOYMENT_TARGET = 17.0;
				MTL_ENABLE_DEBUG_INFO = NO;
				MTL_FAST_MATH = YES;
				PRODUCT_NAME = "$(TARGET_NAME)";
				SDKROOT = iphoneos;
				SWIFT_COMPILATION_MODE = wholemodule;
				SWIFT_OPTIMIZATION_LEVEL = "-O";
				SWIFT_VERSION = 5.0;
			};
			name = Release;
		};
		B1C82B15AEDDF24F70467CF9 /* Release */ = {
			isa = XCBuildConfiguration;
			buildSettings = {
				ASSETCATALOG_COMPILER_APPICON_NAME = AppIcon;
				CODE_SIGN_ENTITLEMENTS = QuickIn.entitlements;
				CODE_SIGN_IDENTITY = "iPhone Developer";
				CODE_SIGN_STYLE = Automatic;
				CURRENT_PROJECT_VERSION = 4;
				INFOPLIST_FILE = Generated/Info.plist;
				LD_RUNPATH_SEARCH_PATHS = (
					"$(inherited)",
					"@executable_path/Frameworks",
				);
				MARKETING_VERSION = 1.0.0;
				PRODUCT_BUNDLE_IDENTIFIER = com.quickin.ahmed;
				SDKROOT = iphoneos;
				SWIFT_VERSION = 5.0;
				TARGETED_DEVICE_FAMILY = 1;
			};
			name = Release;
		};
/* End XCBuildConfiguration section */

/* Begin XCConfigurationList section */
		1FDB4DA4A782FBC6E05B0086 /* Build configuration list for PBXNativeTarget "QuickIn" */ = {
			isa = XCConfigurationList;
			buildConfigurations = (
				65B8C2883DCEEB0ECE82E73F /* Debug */,
				B1C82B15AEDDF24F70467CF9 /* Release */,
			);
			defaultConfigurationIsVisible = 0;
			defaultConfigurationName = Debug;
		};
		8F61FFA82D800D1AFD5848A0 /* Build configuration list for PBXProject "QuickIn" */ = {
			isa = XCConfigurationList;
			buildConfigurations = (
				64D4798376022C130AFC1EB6 /* Debug */,
				6A34D08A2F6219255E6ED782 /* Release */,
			);
			defaultConfigurationIsVisible = 0;
			defaultConfigurationName = Debug;
		};
/* End XCConfigurationList section */

/* Begin XCRemoteSwiftPackageReference section */
		98E6122CA11184BC1647F396 /* XCRemoteSwiftPackageReference "firebase-ios-sdk" */ = {
			isa = XCRemoteSwiftPackageReference;
			repositoryURL = "https://github.com/firebase/firebase-ios-sdk";
			requirement = {
				kind = upToNextMajorVersion;
				minimumVersion = 11.6.0;
			};
		};
		EE7DEE3935AF4D0ECC2F7214 /* XCRemoteSwiftPackageReference "ios-maps-sdk" */ = {
			isa = XCRemoteSwiftPackageReference;
			repositoryURL = "https://github.com/googlemaps/ios-maps-sdk";
			requirement = {
				kind = upToNextMajorVersion;
				minimumVersion = 9.0.0;
			};
		};
/* End XCRemoteSwiftPackageReference section */

/* Begin XCSwiftPackageProductDependency section */
		663C90B61599D2C1BED1135A /* GoogleMaps */ = {
			isa = XCSwiftPackageProductDependency;
			package = EE7DEE3935AF4D0ECC2F7214 /* XCRemoteSwiftPackageReference "ios-maps-sdk" */;
			productName = GoogleMaps;
		};
		EEA14ADD30B964E88E9ADAAF /* FirebaseMessaging */ = {
			isa = XCSwiftPackageProductDependency;
			package = 98E6122CA11184BC1647F396 /* XCRemoteSwiftPackageReference "firebase-ios-sdk" */;
			productName = FirebaseMessaging;
		};
/* End XCSwiftPackageProductDependency section */
	};
	rootObject = C50879226F8824A8936EEF77 /* Project object */;
}
